
Microsoft Visual Studio Solution File, Format Version 12.00
# Visual Studio Version 16
VisualStudioVersion = 16.0.30717.126
MinimumVisualStudioVersion = 10.0.40219.1
Project("{FAE04EC0-301F-11D3-BF4B-00C04F79EFBC}") = "WebApplication16", "WebApplication16.csproj", "{74B5418F-12EC-40D1-9B10-4017FDCB5DA8}"
EndProject
Global
	GlobalSection(SolutionConfigurationPlatforms) = preSolution
		Debug|Any CPU = Debug|Any CPU
		Release|Any CPU = Release|Any CPU
	EndGlobalSection
	GlobalSection(ProjectConfigurationPlatforms) = postSolution
		{74B5418F-12EC-40D1-9B10-4017FDCB5DA8}.Debug|Any CPU.ActiveCfg = Debug|Any CPU
		{74B5418F-12EC-40D1-9B10-4017FDCB5DA8}.Debug|Any CPU.Build.0 = Debug|Any CPU
		{74B5418F-12EC-40D1-9B10-4017FDCB5DA8}.Release|Any CPU.ActiveCfg = Release|Any CPU
		{74B5418F-12EC-40D1-9B10-4017FDCB5DA8}.Release|Any CPU.Build.0 = Release|Any CPU
	EndGlobalSection
	GlobalSection(SolutionProperties) = preSolution
		HideSolutionNode = FALSE
	EndGlobalSection
	GlobalSection(ExtensibilityGlobals) = postSolution
		SolutionGuid = {8B5A9F9A-BBC9-49BC-9BB7-BF841A624DB7}
	EndGlobalSection
EndGlobal
